
Microsoft Visual Studio Solution File, Format Version 12.00
# Visual Studio 15
VisualStudioVersion = 15.0.26730.16
MinimumVisualStudioVersion = 10.0.40219.1
Project("{FAE04EC0-301F-11D3-BF4B-00C04F79EFBC}") = "JBBService", "JBBService\JBBService.csproj", "{8FBE7DFA-2F3A-4A04-AAA1-C09E317FC4CA}"
EndProject
Project("{FAE04EC0-301F-11D3-BF4B-00C04F79EFBC}") = "JBBCounter", "JBBCounter\JBBCounter.csproj", "{32AE6922-AEA7-41BC-BAEB-7139E4D85C2E}"
EndProject
Global
	GlobalSection(SolutionConfigurationPlatforms) = preSolution
		Debug|Any CPU = Debug|Any CPU
		Release|Any CPU = Release|Any CPU
	EndGlobalSection
	GlobalSection(ProjectConfigurationPlatforms) = postSolution
		{8FBE7DFA-2F3A-4A04-AAA1-C09E317FC4CA}.Debug|Any CPU.ActiveCfg = Debug|Any CPU
		{8FBE7DFA-2F3A-4A04-AAA1-C09E317FC4CA}.Debug|Any CPU.Build.0 = Debug|Any CPU
		{8FBE7DFA-2F3A-4A04-AAA1-C09E317FC4CA}.Release|Any CPU.ActiveCfg = Release|Any CPU
		{8FBE7DFA-2F3A-4A04-AAA1-C09E317FC4CA}.Release|Any CPU.Build.0 = Release|Any CPU
		{32AE6922-AEA7-41BC-BAEB-7139E4D85C2E}.Debug|Any CPU.ActiveCfg = Debug|Any CPU
		{32AE6922-AEA7-41BC-BAEB-7139E4D85C2E}.Debug|Any CPU.Build.0 = Debug|Any CPU
		{32AE6922-AEA7-41BC-BAEB-7139E4D85C2E}.Release|Any CPU.ActiveCfg = Release|Any CPU
		{32AE6922-AEA7-41BC-BAEB-7139E4D85C2E}.Release|Any CPU.Build.0 = Release|Any CPU
	EndGlobalSection
	GlobalSection(SolutionProperties) = preSolution
		HideSolutionNode = FALSE
	EndGlobalSection
	GlobalSection(ExtensibilityGlobals) = postSolution
		SolutionGuid = {BC18AB47-11BB-4549-923A-0688C260279D}
	EndGlobalSection
EndGlobal
